{
  "version": "2",
  "remote": {
    "https://deno.land/std@0.140.0/_util/assert.ts": "e94f2eb37cebd7f199952e242c77654e43333c1ac4c5c700e929ea3aa5489f74",
    "https://deno.land/std@0.140.0/_util/os.ts": "3b4c6e27febd119d36a416d7a97bd3b0251b77c88942c8f16ee5953ea13e2e49",
    "https://deno.land/std@0.140.0/bytes/bytes_list.ts": "67eb118e0b7891d2f389dad4add35856f4ad5faab46318ff99653456c23b025d",
    "https://deno.land/std@0.140.0/bytes/equals.ts": "fc16dff2090cced02497f16483de123dfa91e591029f985029193dfaa9d894c9",
    "https://deno.land/std@0.140.0/bytes/mod.ts": "763f97d33051cc3f28af1a688dfe2830841192a9fea0cbaa55f927b49d49d0bf",
    "https://deno.land/std@0.140.0/fmt/colors.ts": "30455035d6d728394781c10755351742dd731e3db6771b1843f9b9e490104d37",
    "https://deno.land/std@0.140.0/fs/_util.ts": "0fb24eb4bfebc2c194fb1afdb42b9c3dda12e368f43e8f2321f84fc77d42cb0f",
    "https://deno.land/std@0.140.0/fs/ensure_dir.ts": "9dc109c27df4098b9fc12d949612ae5c9c7169507660dcf9ad90631833209d9d",
    "https://deno.land/std@0.140.0/hash/sha256.ts": "803846c7a5a8a5a97f31defeb37d72f519086c880837129934f5d6f72102a8e8",
    "https://deno.land/std@0.140.0/io/buffer.ts": "bd0c4bf53db4b4be916ca5963e454bddfd3fcd45039041ea161dbf826817822b",
    "https://deno.land/std@0.140.0/path/_constants.ts": "df1db3ffa6dd6d1252cc9617e5d72165cd2483df90e93833e13580687b6083c3",
    "https://deno.land/std@0.140.0/path/_interface.ts": "ee3b431a336b80cf445441109d089b70d87d5e248f4f90ff906820889ecf8d09",
    "https://deno.land/std@0.140.0/path/_util.ts": "c1e9686d0164e29f7d880b2158971d805b6e0efc3110d0b3e24e4b8af2190d2b",
    "https://deno.land/std@0.140.0/path/common.ts": "bee563630abd2d97f99d83c96c2fa0cca7cee103e8cb4e7699ec4d5db7bd2633",
    "https://deno.land/std@0.140.0/path/glob.ts": "cb5255638de1048973c3e69e420c77dc04f75755524cb3b2e160fe9277d939ee",
    "https://deno.land/std@0.140.0/path/mod.ts": "d3e68d0abb393fb0bf94a6d07c46ec31dc755b544b13144dee931d8d5f06a52d",
    "https://deno.land/std@0.140.0/path/posix.ts": "293cdaec3ecccec0a9cc2b534302dfe308adb6f10861fa183275d6695faace44",
    "https://deno.land/std@0.140.0/path/separator.ts": "fe1816cb765a8068afb3e8f13ad272351c85cbc739af56dacfc7d93d710fe0f9",
    "https://deno.land/std@0.140.0/path/win32.ts": "31811536855e19ba37a999cd8d1b62078235548d67902ece4aa6b814596dd757",
    "https://deno.land/std@0.140.0/streams/conversion.ts": "712585bfa0172a97fb68dd46e784ae8ad59d11b88079d6a4ab098ff42e697d21",
    "https://deno.land/std@0.166.0/async/abortable.ts": "87aa7230be8360c24ad437212311c9e8d4328854baec27b4c7abb26e85515c06",
    "https://deno.land/std@0.166.0/async/deadline.ts": "48ac998d7564969f3e6ec6b6f9bf0217ebd00239b1b2292feba61272d5dd58d0",
    "https://deno.land/std@0.166.0/async/debounce.ts": "dc8b92d4a4fe7eac32c924f2b8d3e62112530db70cadce27042689d82970b350",
    "https://deno.land/std@0.166.0/async/deferred.ts": "d8fb253ffde2a056e4889ef7e90f3928f28be9f9294b6505773d33f136aab4e6",
    "https://deno.land/std@0.166.0/async/delay.ts": "0419dfc993752849692d1f9647edf13407c7facc3509b099381be99ffbc9d699",
    "https://deno.land/std@0.166.0/async/mod.ts": "dd0a8ed4f3984ffabe2fcca7c9f466b7932d57b1864ffee148a5d5388316db6b",
    "https://deno.land/std@0.166.0/async/mux_async_iterator.ts": "3447b28a2a582224a3d4d3596bccbba6e85040da3b97ed64012f7decce98d093",
    "https://deno.land/std@0.166.0/async/pool.ts": "ef9eb97b388543acbf0ac32647121e4dbe629236899586c4d4311a8770fbb239",
    "https://deno.land/std@0.166.0/async/tee.ts": "9af3a3e7612af75861308b52249e167f5ebc3dcfc8a1a4d45462d96606ee2b70",
    "https://deno.land/std@0.166.0/http/server.ts": "e99c1bee8a3f6571ee4cdeb2966efad465b8f6fe62bec1bdb59c1f007cc4d155",
    "https://deno.land/std@0.186.0/_util/asserts.ts": "178dfc49a464aee693a7e285567b3d0b555dc805ff490505a8aae34f9cfb1462",
    "https://deno.land/std@0.186.0/_util/os.ts": "d932f56d41e4f6a6093d56044e29ce637f8dcc43c5a90af43504a889cf1775e3",
    "https://deno.land/std@0.186.0/path/_constants.ts": "e49961f6f4f48039c0dfed3c3f93e963ca3d92791c9d478ac5b43183413136e0",
    "https://deno.land/std@0.186.0/path/_interface.ts": "6471159dfbbc357e03882c2266d21ef9afdb1e4aa771b0545e90db58a0ba314b",
    "https://deno.land/std@0.186.0/path/_util.ts": "d7abb1e0dea065f427b89156e28cdeb32b045870acdf865833ba808a73b576d0",
    "https://deno.land/std@0.186.0/path/common.ts": "ee7505ab01fd22de3963b64e46cff31f40de34f9f8de1fff6a1bd2fe79380000",
    "https://deno.land/std@0.186.0/path/glob.ts": "d479e0a695621c94d3fd7fe7abd4f9499caf32a8de13f25073451c6ef420a4e1",
    "https://deno.land/std@0.186.0/path/mod.ts": "ee161baec5ded6510ee1d1fb6a75a0f5e4b41f3f3301c92c716ecbdf7dae910d",
    "https://deno.land/std@0.186.0/path/posix.ts": "8b7c67ac338714b30c816079303d0285dd24af6b284f7ad63da5b27372a2c94d",
    "https://deno.land/std@0.186.0/path/separator.ts": "0fb679739d0d1d7bf45b68dacfb4ec7563597a902edbaf3c59b50d5bcadd93b1",
    "https://deno.land/std@0.186.0/path/win32.ts": "d186344e5583bcbf8b18af416d13d82b35a317116e6460a5a3953508c3de5bba",
    "https://deno.land/x/deno_cache@0.4.1/auth_tokens.ts": "5fee7e9155e78cedf3f6ff3efacffdb76ac1a76c86978658d9066d4fb0f7326e",
    "https://deno.land/x/deno_cache@0.4.1/cache.ts": "51f72f4299411193d780faac8c09d4e8cbee951f541121ef75fcc0e94e64c195",
    "https://deno.land/x/deno_cache@0.4.1/deno_dir.ts": "f2a9044ce8c7fe1109004cda6be96bf98b08f478ce77e7a07f866eff1bdd933f",
    "https://deno.land/x/deno_cache@0.4.1/deps.ts": "8974097d6c17e65d9a82d39377ae8af7d94d74c25c0cbb5855d2920e063f2343",
    "https://deno.land/x/deno_cache@0.4.1/dirs.ts": "d2fa473ef490a74f2dcb5abb4b9ab92a48d2b5b6320875df2dee64851fa64aa9",
    "https://deno.land/x/deno_cache@0.4.1/disk_cache.ts": "1f3f5232cba4c56412d93bdb324c624e95d5dd179d0578d2121e3ccdf55539f9",
    "https://deno.land/x/deno_cache@0.4.1/file_fetcher.ts": "07a6c5f8fd94bf50a116278cc6012b4921c70d2251d98ce1c9f3c352135c39f7",
    "https://deno.land/x/deno_cache@0.4.1/http_cache.ts": "f632e0d6ec4a5d61ae3987737a72caf5fcdb93670d21032ddb78df41131360cd",
    "https://deno.land/x/deno_cache@0.4.1/mod.ts": "ef1cda9235a93b89cb175fe648372fc0f785add2a43aa29126567a05e3e36195",
    "https://deno.land/x/deno_cache@0.4.1/util.ts": "8cb686526f4be5205b92c819ca2ce82220aa0a8dd3613ef0913f6dc269dbbcfe",
    "https://deno.land/x/dir@1.5.1/data_local_dir/mod.ts": "91eb1c4bfadfbeda30171007bac6d85aadacd43224a5ed721bbe56bc64e9eb66",
    "https://deno.land/x/emit@0.24.0/_utils.ts": "98412edc7aa29e77d592b54fbad00bdec1b05d0c25eb772a5f8edc9813e08d88",
    "https://deno.land/x/emit@0.24.0/emit.generated.js": "6530615edfb23cb0a5a5bded16b6f8979fc9a4a8af7319b7b1fdb83c043e0c52",
    "https://deno.land/x/emit@0.24.0/mod.ts": "66ef8ddaedcfca033eeee851379af59ed3f0e0aa6e025e7cdd24e4e158d874f3",
    "https://deno.land/x/gql@1.1.2/common.ts": "118d5008c59d5ab77bd319803c7ebbe7ed8517de308594d60282b90c5d8c22c7",
    "https://deno.land/x/gql@1.1.2/graphiql/markup.ts": "ea572ab19ef963f8716d1b827204fec87a40b55eefde11f9b5342fc5382ba597",
    "https://deno.land/x/gql@1.1.2/graphiql/render.ts": "6d158e74c93192ce6b0230ecf18b0cb6ad37270b8f1cec8c2638109198c4ba1b",
    "https://deno.land/x/gql@1.1.2/http.ts": "d12ad4d161b5270f11427d38a9954f8d9cda08cea2e425db05caff76b2d8b33a",
    "https://deno.land/x/gql@1.1.2/mod.ts": "87d0cf3562bd142c52ff402f4db9c1b0672a54c4bf7f90e57f0bdc8114b6c684",
    "https://deno.land/x/gql@1.1.2/types.ts": "0b012828e90c5ce7fab260941669e8a874b5b71791c7c9fedbc1f4605cc2fdef",
    "https://deno.land/x/graphql_deno@v15.0.0/lib/error/GraphQLError.js": "18adbba7aa651770e0876d0c7df4e6e2ab647a9f09d4b5c107c57d6fa157be9d",
    "https://deno.land/x/graphql_deno@v15.0.0/lib/error/formatError.js": "aec87433c501df6d6272b64974e8edf53b2ed192e66782b827328d635ed55df8",
    "https://deno.land/x/graphql_deno@v15.0.0/lib/error/index.js": "7557dcea8830550f82dd7b1984fdc216e14327d094f501bd2a03f80bf609a768",
    "https://deno.land/x/graphql_deno@v15.0.0/lib/error/locatedError.js": "65ad5e9246747d2b63cd2ea48fa22db617e1c7c2b796a27b8ce32bfb0f2a401c",
    "https://deno.land/x/graphql_deno@v15.0.0/lib/error/syntaxError.js": "9c53411030cf5f4e874e9d1c1926f242e4acc4b469197b395ae1a9a7a9092055",
    "https://deno.land/x/graphql_deno@v15.0.0/lib/execution/execute.js": "2d3114e49268a50195195039cc14629b0fe3dff7afeafed9876f1532a95ed4e7",
    "https://deno.land/x/graphql_deno@v15.0.0/lib/execution/index.js": "064615af63e0da1584c557ce130b3ca42acab750289a085ebcc3107aa024ce52",
    "https://deno.land/x/graphql_deno@v15.0.0/lib/execution/values.js": "e9a42ff1593db210a47504eebcc145f70f8d97cfe53c4cce345116bb420fbf95",
    "https://deno.land/x/graphql_deno@v15.0.0/lib/graphql.js": "c34b19e78a57ad0a0ac9b39ec2766ab755b23e61ea08edf124dda1d60104ae54",
    "https://deno.land/x/graphql_deno@v15.0.0/lib/index.js": "ab428112340017d5b1f74e62f958cf0c50c17b664a33be53974ab8738a531c1c",
    "https://deno.land/x/graphql_deno@v15.0.0/lib/jsutils/Path.js": "28322158c8208f92d376969de58c30ea393aada1beb44223d40584d8d89285c0",
    "https://deno.land/x/graphql_deno@v15.0.0/lib/jsutils/defineToJSON.js": "5423bbfe56faf7c3b0cda65b515c7fcc0e111bef46da9f76fed93eaba1859149",
    "https://deno.land/x/graphql_deno@v15.0.0/lib/jsutils/devAssert.js": "7493987e163c294b31f354091b6ca5e87849a132aa3aad8e3c173ac008c8e970",
    "https://deno.land/x/graphql_deno@v15.0.0/lib/jsutils/didYouMean.js": "9b83a8fe7bdd5b02012c097de14a0fe08a5e33662624ce55eb0019f46067b974",
    "https://deno.land/x/graphql_deno@v15.0.0/lib/jsutils/identityFunc.js": "204f973b6a5fc6f60ea62641e58eed254f0bb7d76b2b05e9c0bae54dc7cd324a",
    "https://deno.land/x/graphql_deno@v15.0.0/lib/jsutils/inspect.js": "bb756ad067f23b137b63bb2dabc4e50b070255da2ff10068d9f0a174dd5f3aae",
    "https://deno.land/x/graphql_deno@v15.0.0/lib/jsutils/instanceOf.js": "c2940e2f0c71ed73390ab03ceb04484c40a4f5f28973709702c8279b1b6f96cd",
    "https://deno.land/x/graphql_deno@v15.0.0/lib/jsutils/invariant.js": "b8d3e8438abe0ec591fdc3a3f0f9c2d7750925738ee146ba7a18173a8f2dc1cb",
    "https://deno.land/x/graphql_deno@v15.0.0/lib/jsutils/isCollection.js": "42ffc930d5982ec031b4a7f29db9fd7f3a9e488ca0ceb73183a51a67ad146e2b",
    "https://deno.land/x/graphql_deno@v15.0.0/lib/jsutils/isObjectLike.js": "96403248d91ae55fa67ce81d339bec098aa51e5fc7132eae3f8dcce91ac340ce",
    "https://deno.land/x/graphql_deno@v15.0.0/lib/jsutils/isPromise.js": "dbe9979b7d4ffd920d8a608a9ce7127b943b130822cd907d78b9e56e66843509",
    "https://deno.land/x/graphql_deno@v15.0.0/lib/jsutils/keyMap.js": "4e54790d45a13998d198b0b7b1bc20ae17259e8131c29821d67e64b96dcb249e",
    "https://deno.land/x/graphql_deno@v15.0.0/lib/jsutils/keyValMap.js": "515ebb0c4be9c26f8fa38b7e0db4f2ebf96057196a8fcd52078046f05bf4e4e0",
    "https://deno.land/x/graphql_deno@v15.0.0/lib/jsutils/mapValue.js": "5df0be208d71e372a693ef305287a8f041b061a293cff030aa10bef4c2735981",
    "https://deno.land/x/graphql_deno@v15.0.0/lib/jsutils/memoize3.js": "4212fbf3f75fc8625a8312b18e0b2907efaf9cf6b8131c78a731a707ba638c74",
    "https://deno.land/x/graphql_deno@v15.0.0/lib/jsutils/nodejsCustomInspectSymbol.js": "eb85744be5bab6c4511556b095198b45259b2c020ff2f88f3b04197acc9feb01",
    "https://deno.land/x/graphql_deno@v15.0.0/lib/jsutils/printPathArray.js": "15110572999ddb82bcde2e42a35092d18fa601f5b8312e5823bd43d48f9b773f",
    "https://deno.land/x/graphql_deno@v15.0.0/lib/jsutils/promiseForObject.js": "b82720027d9bf3b81f302baa8d72f80b5d04f2069ebb538875f22993be83ee11",
    "https://deno.land/x/graphql_deno@v15.0.0/lib/jsutils/promiseReduce.js": "178a7c704a3c124a68a60aa71f29fb078268e403dab310b41937d10f5bb55e01",
    "https://deno.land/x/graphql_deno@v15.0.0/lib/jsutils/suggestionList.js": "4504e10e0e9b230cd697ebcf1ffae9b2ae420db2927a44dfbab452558e2f4b4a",
    "https://deno.land/x/graphql_deno@v15.0.0/lib/jsutils/toObjMap.js": "482c18508c808bca6a8e657ab7e3dfacadbf9f78603ce452700199d02f1b9d32",
    "https://deno.land/x/graphql_deno@v15.0.0/lib/language/ast.js": "faa944fc543e4997c82302a6230c190eaf72bfcca1b8db3b29502826bdf9e9bb",
    "https://deno.land/x/graphql_deno@v15.0.0/lib/language/blockString.js": "413ad9886dee36a96875cea8bbb51763b1ab8f1c3e82b8468330e8a5ca877852",
    "https://deno.land/x/graphql_deno@v15.0.0/lib/language/directiveLocation.js": "8500c3878eafe0142f1b1255a998e76b20d3f859d9016ef9f7252878926dfdd8",
    "https://deno.land/x/graphql_deno@v15.0.0/lib/language/index.js": "9289b05fbe173c54e727465996239a3bce6057fb727677ca44af37d60409480d",
    "https://deno.land/x/graphql_deno@v15.0.0/lib/language/kinds.js": "7bdebb8110e7345fe6c14f255225d7c9b5448fb2dd53ea91d035a4b2e1e8f72b",
    "https://deno.land/x/graphql_deno@v15.0.0/lib/language/lexer.js": "68bf4d832a8d1b4af3a0432ad308bc6f3ffbf60eb1c4e786503b30aff7e17564",
    "https://deno.land/x/graphql_deno@v15.0.0/lib/language/location.js": "9994a20bee8d97ff69781b35477f596a3e6bee9ac1d914340e435bc0298922ee",
    "https://deno.land/x/graphql_deno@v15.0.0/lib/language/parser.js": "53af901714fda7e62137fe2fe9eccecb4945a8648cffbb93ace439a0e445f05e",
    "https://deno.land/x/graphql_deno@v15.0.0/lib/language/predicates.js": "cfd7e10b724590b618f67845ce1d1ca712b7da5943622b40881e7653f5557ab7",
    "https://deno.land/x/graphql_deno@v15.0.0/lib/language/printLocation.js": "26b21c32abaee20e11a072984c381384dd5645be50bcbbdb59bac435490a60e9",
    "https://deno.land/x/graphql_deno@v15.0.0/lib/language/printer.js": "a2da61f578725d78182fadfdc0ce809c30ed7d6b8369b98b1606b68b0e949b39",
    "https://deno.land/x/graphql_deno@v15.0.0/lib/language/source.js": "e2a870f2446abf092996453d87f98214f12898e83980b76706cc8160993f16a8",
    "https://deno.land/x/graphql_deno@v15.0.0/lib/language/tokenKind.js": "ad57e9dddaca5336e49a715b710c8142d9ff963270f3d4d6b63348a482922a74",
    "https://deno.land/x/graphql_deno@v15.0.0/lib/language/visitor.js": "47b0a0f0d2f1e1edbf18a4b26861d371c41c0bfebf7c3f9ccb2e423663184dcd",
    "https://deno.land/x/graphql_deno@v15.0.0/lib/polyfills/arrayFrom.js": "b57194d34b98ac5926ae83e0a83e884d63ee9ec2d2ae3e846f1783cb26f6dbf8",
    "https://deno.land/x/graphql_deno@v15.0.0/lib/polyfills/find.js": "30ebdb4e2cd0ed5b0e3e4a00877f2bd2ac62de6d70a4c63152021fe724e41911",
    "https://deno.land/x/graphql_deno@v15.0.0/lib/polyfills/flatMap.js": "29d62564cd9745536e366e09b7f6cbe8860d8423c00ca253ae6cbfba839f2fc6",
    "https://deno.land/x/graphql_deno@v15.0.0/lib/polyfills/isFinite.js": "231e2d149aa58e8288b6cf86f588a1597f3f8d432928a17af9c348b48bd8ddde",
    "https://deno.land/x/graphql_deno@v15.0.0/lib/polyfills/isInteger.js": "0b68164ae12c46b16e439a5384af0c8c395f5c941e0f03fb71ee2ee9cb45fae6",
    "https://deno.land/x/graphql_deno@v15.0.0/lib/polyfills/objectEntries.js": "c261873f15f88ecb1497427844a9afc541168a92b7d75d69446732a0d381c819",
    "https://deno.land/x/graphql_deno@v15.0.0/lib/polyfills/objectValues.js": "7c3ed07793a1685cf018fa028275ff556213ba953c43dd2410bb549a86ee801b",
    "https://deno.land/x/graphql_deno@v15.0.0/lib/polyfills/symbols.js": "bbe907378637a4264484590815d80563cfbd8a8a5f396ac9d2be4107658e5bf7",
    "https://deno.land/x/graphql_deno@v15.0.0/lib/subscription/index.js": "3c2e03b8225f66a541d870fb6729ad2e3afbd923a0d07713a087c22d134097b3",
    "https://deno.land/x/graphql_deno@v15.0.0/lib/subscription/mapAsyncIterator.js": "ff581dcfccf8aeedfefe1c42a8f01c7898c1a2b093e5f6fb4d2e62b2f83ab8c8",
    "https://deno.land/x/graphql_deno@v15.0.0/lib/subscription/subscribe.js": "f4d316d4f7e3e60cc3f9f8371e6122396653ff1836a27d44a3e8bf1cfa3d5def",
    "https://deno.land/x/graphql_deno@v15.0.0/lib/type/definition.js": "94ef1069f5e034f9dc34ca7f25370fe81a58365acbb6e932ab9e0db92efe8287",
    "https://deno.land/x/graphql_deno@v15.0.0/lib/type/directives.js": "d4614736de1997413a4970b73865c99d3b01922eda3de1e587c27c25c24e8892",
    "https://deno.land/x/graphql_deno@v15.0.0/lib/type/index.js": "4a7d837f30c56cf3074ee527f4b9388d160ad20cd545d4fdebac500acdf102b0",
    "https://deno.land/x/graphql_deno@v15.0.0/lib/type/introspection.js": "c63b4c5a578d76f8d159837ce531e1193dd3a2629148aedb895b511141303afd",
    "https://deno.land/x/graphql_deno@v15.0.0/lib/type/scalars.js": "d447913dbdcaaa32f2eaa5d86bd39b5342bfcf78d9ddd6b2173ad717ae7fa734",
    "https://deno.land/x/graphql_deno@v15.0.0/lib/type/schema.js": "1c92f80cc2c1f0a14a5b3fcb13d55f215f14e1b2bb7b92c2674ede22f969f033",
    "https://deno.land/x/graphql_deno@v15.0.0/lib/type/validate.js": "f8300538e4327b46959ff83a7dabd55e42148ef07fa66c79f72b308a46cfd369",
    "https://deno.land/x/graphql_deno@v15.0.0/lib/utilities/TypeInfo.js": "03276253d0ab3d4947f7bf63ca4ccc4fe0073f73063952103530f8193a98e546",
    "https://deno.land/x/graphql_deno@v15.0.0/lib/utilities/assertValidName.js": "d6b44f4dddcc50ebe92c7cb9b94ecc9b27627994b3c156ce63d33279c7f7d0e4",
    "https://deno.land/x/graphql_deno@v15.0.0/lib/utilities/astFromValue.js": "d460204b065b8e1036e215faa9a617a20c268e687ed424208dabc5cd5f40f2d1",
    "https://deno.land/x/graphql_deno@v15.0.0/lib/utilities/buildASTSchema.js": "d4aeade98d0a1bc6ffdc160fdc78e9edf22a9efdc550cdc6121d1c83ff1e6c84",
    "https://deno.land/x/graphql_deno@v15.0.0/lib/utilities/buildClientSchema.js": "1ac64f6aacdf57e9b552a0c45e7176c988c0d97310f646d7d048899524856d3a",
    "https://deno.land/x/graphql_deno@v15.0.0/lib/utilities/coerceInputValue.js": "ee59bf0ed0857af92c4f40a309365fd57770821b3c788b6b13d0d1051ffec0da",
    "https://deno.land/x/graphql_deno@v15.0.0/lib/utilities/concatAST.js": "bf410b42f7aa015ff0cd938623894906ac19329d9cd9a2298cf97de7cb01442a",
    "https://deno.land/x/graphql_deno@v15.0.0/lib/utilities/extendSchema.js": "802fbd291d21cfa97c1ebea4fa6528ac6cddbbcc27c169942c975ce708a9f295",
    "https://deno.land/x/graphql_deno@v15.0.0/lib/utilities/findBreakingChanges.js": "2c8dfd8acf617e5d8a96e389ba6bccb0845fc4470f680957a1ca64514337574a",
    "https://deno.land/x/graphql_deno@v15.0.0/lib/utilities/findDeprecatedUsages.js": "5a5366e6ed3c99e16d73b1235ee9062ac10d3ec16afafc4d6c4f635cc12370f6",
    "https://deno.land/x/graphql_deno@v15.0.0/lib/utilities/getIntrospectionQuery.js": "81125e8afec11871bf532dff9dd523016292c5a57f84d0c04a142a6704ba1572",
    "https://deno.land/x/graphql_deno@v15.0.0/lib/utilities/getOperationAST.js": "5fef27e56f708c5336a78e611f08627122a6673d10ea1db6f5466c6f984ad9a2",
    "https://deno.land/x/graphql_deno@v15.0.0/lib/utilities/getOperationRootType.js": "58addddae7feabecce40191d836f7e65a9478cf0d9df6c360c4c30e6f5f6f09c",
    "https://deno.land/x/graphql_deno@v15.0.0/lib/utilities/index.js": "d0e34dcf95627362527e93e7eaa970caee63b40ed04ff1da320b6426484c8278",
    "https://deno.land/x/graphql_deno@v15.0.0/lib/utilities/introspectionFromSchema.js": "50a2202f28b25e98bc496f151de8fc6b2feeb81bab9739fee97f66ac30ef8652",
    "https://deno.land/x/graphql_deno@v15.0.0/lib/utilities/lexicographicSortSchema.js": "ad2b935289966fc75700a3b511b86e79130d505399b0c2de052e9915624e2c2a",
    "https://deno.land/x/graphql_deno@v15.0.0/lib/utilities/printSchema.js": "104a4666bf3e745ad1fbd30c227d3e06902a2b255c95e29183dcd6d98fad76be",
    "https://deno.land/x/graphql_deno@v15.0.0/lib/utilities/separateOperations.js": "ac7e7789fddc0fcf2b439897fce86601a16c6d3f4e20b7f6837278bcf1c36a56",
    "https://deno.land/x/graphql_deno@v15.0.0/lib/utilities/stripIgnoredCharacters.js": "be44c652bfa218b18e5d4387a068d2e431d75e770ddc38ced6eb95a0b8854eab",
    "https://deno.land/x/graphql_deno@v15.0.0/lib/utilities/typeComparators.js": "dcda7fffeaf3999bfd993a4faac36547dace3ec3f78d7686f4334f86a6c3aec0",
    "https://deno.land/x/graphql_deno@v15.0.0/lib/utilities/typeFromAST.js": "99cd615599626259b8e2b9974e22bf8beb495f541b20d78f4a01d48de2f97942",
    "https://deno.land/x/graphql_deno@v15.0.0/lib/utilities/valueFromAST.js": "26098b7e5074d408f877f8b4566e6183cd77f076ee2e3f1413e53c4677e150ce",
    "https://deno.land/x/graphql_deno@v15.0.0/lib/utilities/valueFromASTUntyped.js": "9db575f95392635bb02dc417d920e9ae6552b2fa871b19e94ad0cc9ceb83c892",
    "https://deno.land/x/graphql_deno@v15.0.0/lib/validation/ValidationContext.js": "52808fc712f4ef50f79edcb30cb907721e449b55c54225551d2ad09660351dba",
    "https://deno.land/x/graphql_deno@v15.0.0/lib/validation/index.js": "1b91224c90bae4b49c6b8227c190c34cb3600433423c257a672801e12910c06d",
    "https://deno.land/x/graphql_deno@v15.0.0/lib/validation/rules/ExecutableDefinitionsRule.js": "f94c0c866335d1c249d08efa55da0dd6e5954844fa7851b6a0d6b3cd86383819",
    "https://deno.land/x/graphql_deno@v15.0.0/lib/validation/rules/FieldsOnCorrectTypeRule.js": "587eb8a9e7376e58ea6a0bbb12585ca45621a0be102dc7e6c641adee9652e91d",
    "https://deno.land/x/graphql_deno@v15.0.0/lib/validation/rules/FragmentsOnCompositeTypesRule.js": "6a6172831b4e7e6431af810505e23bdf82b7f46d92cfe719226c549a36a75b92",
    "https://deno.land/x/graphql_deno@v15.0.0/lib/validation/rules/KnownArgumentNamesRule.js": "2ab0571f6a6b9c5486b76a09955efde97ef3ff7e9cc06ecfcec8e1f830b8e79b",
    "https://deno.land/x/graphql_deno@v15.0.0/lib/validation/rules/KnownDirectivesRule.js": "57f4c9df617702d3695c3010f6822641b4c7343c65a4873bab6b29c911424e2c",
    "https://deno.land/x/graphql_deno@v15.0.0/lib/validation/rules/KnownFragmentNamesRule.js": "24273c31aa208652113a2e635853c336227a2756fc642ece6e977bd9c4ccb094",
    "https://deno.land/x/graphql_deno@v15.0.0/lib/validation/rules/KnownTypeNamesRule.js": "b600453083f32688c43f2225399439b4f6312903397572b947ea4fc80ac17b52",
    "https://deno.land/x/graphql_deno@v15.0.0/lib/validation/rules/LoneAnonymousOperationRule.js": "ec860c3ce338509b1e407c5cea36aa6e97e34ed207e5cdf719d6f7fa4026398c",
    "https://deno.land/x/graphql_deno@v15.0.0/lib/validation/rules/LoneSchemaDefinitionRule.js": "d3e40186003d89bd45c751156a6df69af6970beb5493c891cd79e1eaab734968",
    "https://deno.land/x/graphql_deno@v15.0.0/lib/validation/rules/NoFragmentCyclesRule.js": "1445f37ad14819d117371c70acdc725459d89b9a8773dd2c15e131f5d71b92ac",
    "https://deno.land/x/graphql_deno@v15.0.0/lib/validation/rules/NoUndefinedVariablesRule.js": "7aaf4409398526fef667fa6cede56b60824166409247b62c2f74b2c4a1ea5497",
    "https://deno.land/x/graphql_deno@v15.0.0/lib/validation/rules/NoUnusedFragmentsRule.js": "9d1c9b11d6287f077cff8661c704f9aa0fdf53de0b4894c4e7fe29597a32a704",
    "https://deno.land/x/graphql_deno@v15.0.0/lib/validation/rules/NoUnusedVariablesRule.js": "8d477bdbc19eb02556e7899b97b147511ccb69777ae29136c12e2f49d6c7a264",
    "https://deno.land/x/graphql_deno@v15.0.0/lib/validation/rules/OverlappingFieldsCanBeMergedRule.js": "5f74a4c076f8c18ce6371bfda2d213c4461655f830fb506569a1cc71faa56e96",
    "https://deno.land/x/graphql_deno@v15.0.0/lib/validation/rules/PossibleFragmentSpreadsRule.js": "0bf927e91d4103c630ef3a10b586586ababb1412874917fed1b5b908d40bc54b",
    "https://deno.land/x/graphql_deno@v15.0.0/lib/validation/rules/PossibleTypeExtensionsRule.js": "2c1f8a1371656ff8c992d0e4df5500ecb36475286b5f131d9a880018baf00c73",
    "https://deno.land/x/graphql_deno@v15.0.0/lib/validation/rules/ProvidedRequiredArgumentsRule.js": "03d3af937d5e08c544a10911770f0660ed6eb18d2b8877acc677aac90583f86e",
    "https://deno.land/x/graphql_deno@v15.0.0/lib/validation/rules/ScalarLeafsRule.js": "374bba26d4e9e085560ef20179604955ae191e7c68c85f2f1905fb68686bc079",
    "https://deno.land/x/graphql_deno@v15.0.0/lib/validation/rules/SingleFieldSubscriptionsRule.js": "8a748eb20d1b21fee38aaeae7b368893f113b5b35bbd0fd94c22df072d23e0be",
    "https://deno.land/x/graphql_deno@v15.0.0/lib/validation/rules/UniqueArgumentNamesRule.js": "fe7fafd8d4a5efe66f0d690ef868f55f46c78512cf98abc1bd6ab4c175b86d79",
    "https://deno.land/x/graphql_deno@v15.0.0/lib/validation/rules/UniqueDirectiveNamesRule.js": "6664f72231dfa4fa4337ffeed4868a95e91970825bd45f77d7d4f92bcb49bb50",
    "https://deno.land/x/graphql_deno@v15.0.0/lib/validation/rules/UniqueDirectivesPerLocationRule.js": "0aedfb8194bd8630b84e344a8ff0f6572bb169ad290a18c8391000324c4d8a03",
    "https://deno.land/x/graphql_deno@v15.0.0/lib/validation/rules/UniqueEnumValueNamesRule.js": "fbfec070d1c6ca58514f0e459b7dc5c8fe505d81bd1323509802d65db1463272",
    "https://deno.land/x/graphql_deno@v15.0.0/lib/validation/rules/UniqueFieldDefinitionNamesRule.js": "3da7356eaaf7ae41bf5b86c7c55c4049b962bd9d5339252a90cc46538714b694",
    "https://deno.land/x/graphql_deno@v15.0.0/lib/validation/rules/UniqueFragmentNamesRule.js": "523f0dfeb1ab059bd396d240376e3b602d32405826dd53d8b2e575aaebd7c055",
    "https://deno.land/x/graphql_deno@v15.0.0/lib/validation/rules/UniqueInputFieldNamesRule.js": "433e878697932b4b5cd82dc9282f10650d568360afcd68a6130b9a54ef21e7f1",
    "https://deno.land/x/graphql_deno@v15.0.0/lib/validation/rules/UniqueOperationNamesRule.js": "1de59fc010ff56ef74c856d23f949c523de78f299e9aa7c6d882f1f49959e3be",
    "https://deno.land/x/graphql_deno@v15.0.0/lib/validation/rules/UniqueOperationTypesRule.js": "2faa2b9c0e9c0197f053162e1356dbfa819e02f0c294271873576ac4ea5786fc",
    "https://deno.land/x/graphql_deno@v15.0.0/lib/validation/rules/UniqueTypeNamesRule.js": "d01564b48843b9a316b314f1f9079a25d381bbe02bb47bc47dca0a144fdb596f",
    "https://deno.land/x/graphql_deno@v15.0.0/lib/validation/rules/UniqueVariableNamesRule.js": "5522d2278b64aaf70c30d0dc5e37f70bdbde0201bd6c06c136e0d9d50b0a3c4a",
    "https://deno.land/x/graphql_deno@v15.0.0/lib/validation/rules/ValuesOfCorrectTypeRule.js": "f50002aac89fa875cfb594c7696d0d6eaa8ad39d699e3d0550cda34799797faa",
    "https://deno.land/x/graphql_deno@v15.0.0/lib/validation/rules/VariablesAreInputTypesRule.js": "13337bf58985546627c8060c3ff1201dd21bb6d67e5293819ad0eefa8196a144",
    "https://deno.land/x/graphql_deno@v15.0.0/lib/validation/rules/VariablesInAllowedPositionRule.js": "3032c0af7f9287cb10230685807e1460f12775e24ac76f88496769ad0acc43f0",
    "https://deno.land/x/graphql_deno@v15.0.0/lib/validation/specifiedRules.js": "0e2f6954eb79701a15731f528209a5616ee028133cbf7d4fbecb4e88ac5028c5",
    "https://deno.land/x/graphql_deno@v15.0.0/lib/validation/validate.js": "44bf2bc96845af0bf77e4421f0a05ee57cdc2a688abb32ff6270eacc501327d1",
    "https://deno.land/x/graphql_deno@v15.0.0/lib/version.js": "a135d0beee3fa1405733453e86f1c887e4771d56357504dd78eaa872c0a2b482",
    "https://deno.land/x/graphql_deno@v15.0.0/mod.ts": "c85d6ab2a9c22ff494bfaa5f662507249650419af6c6c27a7a5c8175de61870d",
    "https://deno.land/x/graphql_tag@0.0.1/mod.ts": "a59beb183e8e9e53e870ed5b7339bedfcdad60b84e71994bca08d4a4a6a3a3d1",
    "https://deno.land/x/graphql_tools@0.0.2/deps.ts": "9961a9918276a78348a776a328e403c250f1ed8b2f8a5269bf7d9e1b48e0a500",
    "https://deno.land/x/graphql_tools@0.0.2/mod.ts": "d8e6785743d05c4bd935ab18d9375a0761cf5af289b48c573bc583c74536173d",
    "https://deno.land/x/graphql_tools@0.0.2/schema/addCatchUndefinedToSchema.ts": "16bbaf1bcaa936b144210e9c6d4e12ab9f30f4d3b11f035b1b42356f2359a4c7",
    "https://deno.land/x/graphql_tools@0.0.2/schema/addErrorLoggingToSchema.ts": "10cb79010274a701051aae54286e1e5c0333c28d18bf9d5561f9d4704bff5edf",
    "https://deno.land/x/graphql_tools@0.0.2/schema/addResolversToSchema.ts": "cbd4df4933bb141676fb47cf5d164ab7de3dd16402eaa23704dcdde8177fe2eb",
    "https://deno.land/x/graphql_tools@0.0.2/schema/addSchemaLevelResolver.ts": "f8cb27acee37d1d3dba074dcbdb381f94b09c615eb9dae99f97ff288646dad78",
    "https://deno.land/x/graphql_tools@0.0.2/schema/assertResolversPresent.ts": "99b117dbfca32e11c07e80f706518f6a5c0cf06c213752cbb6a829a969bd210e",
    "https://deno.land/x/graphql_tools@0.0.2/schema/attachDirectiveResolvers.ts": "c35ffd5bec9734e1faec6d9b8f50d35307d5be07a75797b6ec714d427d82101f",
    "https://deno.land/x/graphql_tools@0.0.2/schema/buildSchemaFromTypeDefinitions.ts": "fbb3dccde58b3a789ee0ba19a5fe5d90ab99837d4157419e4cd5eae3f432f2d6",
    "https://deno.land/x/graphql_tools@0.0.2/schema/checkForResolveTypeResolver.ts": "6d0817dccdf3c119979064299556857e2ae24686156c2a81ae277c6064ff1e63",
    "https://deno.land/x/graphql_tools@0.0.2/schema/concatenateTypeDefs.ts": "3a9f750100a055ca4ed74893f313ba560f424df2af19823614d6868fa44dcf2d",
    "https://deno.land/x/graphql_tools@0.0.2/schema/decorateWithLogger.ts": "5289d2dc7be325e97b0669e10cac5e9ee055a5b1c63a5a4e2dff6a35a5b942b6",
    "https://deno.land/x/graphql_tools@0.0.2/schema/extendResolversFromInterfaces.ts": "8ba5f82caff055fac03a5e731677869d43be4b88b0aac3b7de24c3b169e442b7",
    "https://deno.land/x/graphql_tools@0.0.2/schema/extensionDefinitions.ts": "bc75b89dbfe0bec3568c1a8f185f09701e24562e09ceac9eb528597402599f5c",
    "https://deno.land/x/graphql_tools@0.0.2/schema/index.ts": "db82118acbc563650bba1f11349573b88e6aacdceb2a1ed0b1cb0e6373af3b1d",
    "https://deno.land/x/graphql_tools@0.0.2/schema/makeExecutableSchema.ts": "6c8e69fc3671bec3fedbf8d23185c22193154943b2613cc779dfd56d1d9d4701",
    "https://deno.land/x/graphql_tools@0.0.2/schema/types.ts": "bde4ad851ca7b321e2613994327a2bb86442113a0a6d35c203b3b6e0b5a02ac4",
    "https://deno.land/x/graphql_tools@0.0.2/utils/SchemaDirectiveVisitor.ts": "c795ef64f5fce95023eee7516f307ba8da0242bd85e81197797dea46d2e11a6f",
    "https://deno.land/x/graphql_tools@0.0.2/utils/SchemaVisitor.ts": "91c21eb939412e356213d5d4d0ae6a06a4d0443b721fbdb7b57e238ddbfe3a34",
    "https://deno.land/x/graphql_tools@0.0.2/utils/forEachDefaultValue.ts": "da53d00038000f566e5287111e70cb9a3f0d484fb56065a16c129bd7b720c697",
    "https://deno.land/x/graphql_tools@0.0.2/utils/forEachField.ts": "92f25e2e8c9548498aa9f160c9aa78ab9849536e601d48f6648d6c2e79a82438",
    "https://deno.land/x/graphql_tools@0.0.2/utils/getArgumentValues.ts": "cc61d8210bc3c51182c4519c2ab823b0f241fefb1915c9762a1fc3643342d0bf",
    "https://deno.land/x/graphql_tools@0.0.2/utils/getDirectives.ts": "03bfc8b24058db15ea41e1b010130795ca9bfcf7e7f37de7723d90367317639b",
    "https://deno.land/x/graphql_tools@0.0.2/utils/heal.ts": "4dd26ddc2c347076f84035f2153338d3d58e24aba53a97a4c39554bba34dfd9e",
    "https://deno.land/x/graphql_tools@0.0.2/utils/index.ts": "474014941c8daa770b81702adad510e9cd5c897e47cf885f50c34130521d9b3f",
    "https://deno.land/x/graphql_tools@0.0.2/utils/inspect.ts": "523dc8fd8906fa69bce9b2736f45cc511479f71571cc809cf7eb4dd28b97debb",
    "https://deno.land/x/graphql_tools@0.0.2/utils/interfaces.ts": "ef1e205d369acc6e88f98903c4f24096aae9c462d7dcf935fbb1f52da24afdaa",
    "https://deno.land/x/graphql_tools@0.0.2/utils/mapSchema.ts": "12e7eeb10f084a0ae8317b93f351cd8d4419f16a08705a8ae3ce3a88eac661c2",
    "https://deno.land/x/graphql_tools@0.0.2/utils/mergeDeep.ts": "e045e7142aa92958041e8c2395ac647c7e00d219b00611013f1f8ee77280b3dd",
    "https://deno.land/x/graphql_tools@0.0.2/utils/rewire.ts": "fdbc6b521e9dc39164e28d9d89469d12cb166f1191a247757d0751a0eec01eb8",
    "https://deno.land/x/graphql_tools@0.0.2/utils/stub.ts": "931f3ed58bc43b7a25390e33d664ce722c5b2cd9dd8d45bf1bea37a8336f848c",
    "https://deno.land/x/graphql_tools@0.0.2/utils/transformInputValue.ts": "8a2d7add8e2d7d12aaeca0623d12d4f76676f1b4f7a70db287ba2bece20929a9",
    "https://deno.land/x/graphql_tools@0.0.2/utils/visitSchema.ts": "24471d65d8079126e19eaf580aa3b5a77a5937303f6a99a12ad8043d3de0dca0",
    "https://deno.land/x/wasmbuild@0.14.1/cache.ts": "89eea5f3ce6035a1164b3e655c95f21300498920575ade23161421f5b01967f4",
    "https://deno.land/x/wasmbuild@0.14.1/loader.ts": "d98d195a715f823151cbc8baa3f32127337628379a02d9eb2a3c5902dbccfc02",
    "https://esm.sh/v128/cssfilter@0.0.10/denonext/cssfilter.mjs": "563dcd86fdd6873998b9b2a7cb30db65f8c96c6cd26993e374433026f5ac43f1",
    "https://esm.sh/v128/xss@1.0.14/denonext/xss.mjs": "4451cf581108bd280fcc7b8993637d53ab7245aa31d3cdb0348be735bd686052",
    "https://esm.sh/xss@1.0.14?no-check": "2a6164a5e4f17ea4e4ce304545470b5b61848dec98e68f0cc0c724a35179ed99"
  }
}
